{
    "_readme": [
        "This file locks the dependencies of your project to a known state",
        "Read more about it at https://getcomposer.org/doc/01-basic-usage.md#installing-dependencies",
        "This file is @generated automatically"
    ],
    "content-hash": "301dafa816dfb1aa7bce8a803f6be4db",
    "packages": [
        {
            "name": "xentixar/esewa-sdk",
            "version": "v1.0.03",
            "source": {
                "type": "git",
                "url": "https://github.com/xentixar/esewa-sdk.git",
                "reference": "26e80bc100a827280b86e5c619ea47ffb5b56a3b"
            },
            "dist": {
                "type": "zip",
                "url": "https://api.github.com/repos/xentixar/esewa-sdk/zipball/26e80bc100a827280b86e5c619ea47ffb5b56a3b",
                "reference": "26e80bc100a827280b86e5c619ea47ffb5b56a3b",
                "shasum": ""
            },
            "type": "library",
            "autoload": {
                "psr-4": {
                    "Xentixar\\EsewaSdk\\": "src/"
                }
            },
            "notification-url": "https://packagist.org/downloads/",
            "license": [
                "MIT"
            ],
            "authors": [
                {
                    "name": "xentixar",
                    "email": "xentixar@gmail.com"
                }
            ],
            "support": {
                "issues": "https://github.com/xentixar/esewa-sdk/issues",
                "source": "https://github.com/xentixar/esewa-sdk/tree/v1.0.03"
            },
            "time": "2024-09-15T03:54:46+00:00"
        }
    ],
    "packages-dev": [],
    "aliases": [],
    "minimum-stability": "stable",
    "stability-flags": {},
    "prefer-stable": false,
    "prefer-lowest": false,
    "platform": {},
    "platform-dev": {},
    "plugin-api-version": "2.9.0"
}
